
Microsoft Visual Studio Solution File, Format Version 12.00
# Visual Studio Version 17
VisualStudioVersion = 17.2.32616.157
MinimumVisualStudioVersion = 10.0.40219.1
Project("{FAE04EC0-301F-11D3-BF4B-00C04F79EFBC}") = "DockerDemo", "DockerDemo\DockerDemo.csproj", "{BECA23AE-8ED2-4866-BF3A-1912D6E6872B}"
EndProject
Global
	GlobalSection(SolutionConfigurationPlatforms) = preSolution
		Debug|Any CPU = Debug|Any CPU
		Release|Any CPU = Release|Any CPU
	EndGlobalSection
	GlobalSection(ProjectConfigurationPlatforms) = postSolution
		{BECA23AE-8ED2-4866-BF3A-1912D6E6872B}.Debug|Any CPU.ActiveCfg = Debug|Any CPU
		{BECA23AE-8ED2-4866-BF3A-1912D6E6872B}.Debug|Any CPU.Build.0 = Debug|Any CPU
		{BECA23AE-8ED2-4866-BF3A-1912D6E6872B}.Release|Any CPU.ActiveCfg = Release|Any CPU
		{BECA23AE-8ED2-4866-BF3A-1912D6E6872B}.Release|Any CPU.Build.0 = Release|Any CPU
	EndGlobalSection
	GlobalSection(SolutionProperties) = preSolution
		HideSolutionNode = FALSE
	EndGlobalSection
	GlobalSection(ExtensibilityGlobals) = postSolution
		SolutionGuid = {160ED0DF-B87A-4671-A2EF-792C028BAE70}
	EndGlobalSection
EndGlobal
